// !$*UTF8*$!
{
	archiveVersion = 1;
	classes = {
	};
	objectVersion = 46;
	objects = {

/* Begin PBXBuildFile section */
		4CF6E7781BFD5BF100C91969 /* main.m in Sources */ = {isa = PBXBuildFile; fileRef = 4CF6E7771BFD5BF100C91969 /* main.m */; };
		4CF6E77B1BFD5BF100C91969 /* AppDelegate.m in Sources */ = {isa = PBXBuildFile; fileRef = 4CF6E77A1BFD5BF100C91969 /* AppDelegate.m */; };
		4CF6E77E1BFD5BF100C91969 /* ViewController.m in Sources */ = {isa = PBXBuildFile; fileRef = 4CF6E77D1BFD5BF100C91969 /* ViewController.m */; };
		4CF6E7811BFD5BF100C91969 /* Main.storyboard in Resources */ = {isa = PBXBuildFile; fileRef = 4CF6E77F1BFD5BF100C91969 /* Main.storyboard */; };
		4CF6E7841BFD5BF100C91969 /* _DTouch.xcdatamodeld in Sources */ = {isa = PBXBuildFile; fileRef = 4CF6E7821BFD5BF100C91969 /* _DTouch.xcdatamodeld */; };
		4CF6E7861BFD5BF100C91969 /* Assets.xcassets in Resources */ = {isa = PBXBuildFile; fileRef = 4CF6E7851BFD5BF100C91969 /* Assets.xcassets */; };
		4CF6E7891BFD5BF100C91969 /* LaunchScreen.storyboard in Resources */ = {isa = PBXBuildFile; fileRef = 4CF6E7871BFD5BF100C91969 /* LaunchScreen.storyboard */; };
		4CF6E7941BFD5BF100C91969 /* _DTouchTests.m in Sources */ = {isa = PBXBuildFile; fileRef = 4CF6E7931BFD5BF100C91969 /* _DTouchTests.m */; };
		4CF6E79F1BFD5BF100C91969 /* _DTouchUITests.m in Sources */ = {isa = PBXBuildFile; fileRef = 4CF6E79E1BFD5BF100C91969 /* _DTouchUITests.m */; };
		4CF6E7AE1BFD660500C91969 /* XSPeekViewController.m in Sources */ = {isa = PBXBuildFile; fileRef = 4CF6E7AD1BFD660500C91969 /* XSPeekViewController.m */; };
		4CF6E7B11BFD661F00C91969 /* XSPopViewController.m in Sources */ = {isa = PBXBuildFile; fileRef = 4CF6E7B01BFD661F00C91969 /* XSPopViewController.m */; };
		4CF6E7B41BFD663000C91969 /* XSTableViewCell.m in Sources */ = {isa = PBXBuildFile; fileRef = 4CF6E7B31BFD663000C91969 /* XSTableViewCell.m */; };
		4CF6E7B71BFD680F00C91969 /* XSCellData.m in Sources */ = {isa = PBXBuildFile; fileRef = 4CF6E7B61BFD680F00C91969 /* XSCellData.m */; };
		4CF6E7BA1BFD682300C91969 /* XSCellDataFrame.m in Sources */ = {isa = PBXBuildFile; fileRef = 4CF6E7B91BFD682300C91969 /* XSCellDataFrame.m */; };
		4CF6E7BC1BFD695B00C91969 /* CoreGraphics.framework in Frameworks */ = {isa = PBXBuildFile; fileRef = 4CF6E7BB1BFD695B00C91969 /* CoreGraphics.framework */; };
		4CF6E7C21BFDAF8C00C91969 /* icon.jpg in Resources */ = {isa = PBXBuildFile; fileRef = 4CF6E7BE1BFDAF8C00C91969 /* icon.jpg */; };
		4CF6E7C31BFDAF8C00C91969 /* icon1.png in Resources */ = {isa = PBXBuildFile; fileRef = 4CF6E7BF1BFDAF8C00C91969 /* icon1.png */; };
		4CF6E7C41BFDAF8C00C91969 /* icon2.png in Resources */ = {isa = PBXBuildFile; fileRef = 4CF6E7C01BFDAF8C00C91969 /* icon2.png */; };
		4CF6E7C51BFDAF8C00C91969 /* icon3.png in Resources */ = {isa = PBXBuildFile; fileRef = 4CF6E7C11BFDAF8C00C91969 /* icon3.png */; };
/* End PBXBuildFile section */

/* Begin PBXContainerItemProxy section */
		4CF6E7901BFD5BF100C91969 /* PBXContainerItemProxy */ = {
			isa = PBXContainerItemProxy;
			containerPortal = 4CF6E76B1BFD5BF100C91969 /* Project object */;
			proxyType = 1;
			remoteGlobalIDString = 4CF6E7721BFD5BF100C91969;
			remoteInfo = 3DTouch;
		};
		4CF6E79B1BFD5BF100C91969 /* PBXContainerItemProxy */ = {
			isa = PBXContainerItemProxy;
			containerPortal = 4CF6E76B1BFD5BF100C91969 /* Project object */;
			proxyType = 1;
			remoteGlobalIDString = 4CF6E7721BFD5BF100C91969;
			remoteInfo = 3DTouch;
		};
/* End PBXContainerItemProxy section */

/* Begin PBXFileReference section */
		4CF6E7731BFD5BF100C91969 /* 3DTouch.app */ = {isa = PBXFileReference; explicitFileType = wrapper.application; includeInIndex = 0; path = 3DTouch.app; sourceTree = BUILT_PRODUCTS_DIR; };
		4CF6E7771BFD5BF100C91969 /* main.m */ = {isa = PBXFileReference; lastKnownFileType = sourcecode.c.objc; path = main.m; sourceTree = "<group>"; };
		4CF6E7791BFD5BF100C91969 /* AppDelegate.h */ = {isa = PBXFileReference; lastKnownFileType = sourcecode.c.h; path = AppDelegate.h; sourceTree = "<group>"; };
		4CF6E77A1BFD5BF100C91969 /* AppDelegate.m */ = {isa = PBXFileReference; lastKnownFileType = sourcecode.c.objc; path = AppDelegate.m; sourceTree = "<group>"; };
		4CF6E77C1BFD5BF100C91969 /* ViewController.h */ = {isa = PBXFileReference; lastKnownFileType = sourcecode.c.h; path = ViewController.h; sourceTree = "<group>"; };
		4CF6E77D1BFD5BF100C91969 /* ViewController.m */ = {isa = PBXFileReference; lastKnownFileType = sourcecode.c.objc; path = ViewController.m; sourceTree = "<group>"; };
		4CF6E7801BFD5BF100C91969 /* Base */ = {isa = PBXFileReference; lastKnownFileType = file.storyboard; name = Base; path = Base.lproj/Main.storyboard; sourceTree = "<group>"; };
		4CF6E7831BFD5BF100C91969 /* _DTouch.xcdatamodel */ = {isa = PBXFileReference; lastKnownFileType = wrapper.xcdatamodel; path = _DTouch.xcdatamodel; sourceTree = "<group>"; };
		4CF6E7851BFD5BF100C91969 /* Assets.xcassets */ = {isa = PBXFileReference; lastKnownFileType = folder.assetcatalog; path = Assets.xcassets; sourceTree = "<group>"; };
		4CF6E7881BFD5BF100C91969 /* Base */ = {isa = PBXFileReference; lastKnownFileType = file.storyboard; name = Base; path = Base.lproj/LaunchScreen.storyboard; sourceTree = "<group>"; };
		4CF6E78A1BFD5BF100C91969 /* Info.plist */ = {isa = PBXFileReference; lastKnownFileType = text.plist.xml; path = Info.plist; sourceTree = "<group>"; };
		4CF6E78F1BFD5BF100C91969 /* 3DTouchTests.xctest */ = {isa = PBXFileReference; explicitFileType = wrapper.cfbundle; includeInIndex = 0; path = 3DTouchTests.xctest; sourceTree = BUILT_PRODUCTS_DIR; };
		4CF6E7931BFD5BF100C91969 /* _DTouchTests.m */ = {isa = PBXFileReference; lastKnownFileType = sourcecode.c.objc; path = _DTouchTests.m; sourceTree = "<group>"; };
		4CF6E7951BFD5BF100C91969 /* Info.plist */ = {isa = PBXFileReference; lastKnownFileType = text.plist.xml; path = Info.plist; sourceTree = "<group>"; };
		4CF6E79A1BFD5BF100C91969 /* 3DTouchUITests.xctest */ = {isa = PBXFileReference; explicitFileType = wrapper.cfbundle; includeInIndex = 0; path = 3DTouchUITests.xctest; sourceTree = BUILT_PRODUCTS_DIR; };
		4CF6E79E1BFD5BF100C91969 /* _DTouchUITests.m */ = {isa = PBXFileReference; lastKnownFileType = sourcecode.c.objc; path = _DTouchUITests.m; sourceTree = "<group>"; };
		4CF6E7A01BFD5BF100C91969 /* Info.plist */ = {isa = PBXFileReference; lastKnownFileType = text.plist.xml; path = Info.plist; sourceTree = "<group>"; };
		4CF6E7AC1BFD660500C91969 /* XSPeekViewController.h */ = {isa = PBXFileReference; fileEncoding = 4; lastKnownFileType = sourcecode.c.h; path = XSPeekViewController.h; sourceTree = "<group>"; };
		4CF6E7AD1BFD660500C91969 /* XSPeekViewController.m */ = {isa = PBXFileReference; fileEncoding = 4; lastKnownFileType = sourcecode.c.objc; path = XSPeekViewController.m; sourceTree = "<group>"; };
		4CF6E7AF1BFD661F00C91969 /* XSPopViewController.h */ = {isa = PBXFileReference; fileEncoding = 4; lastKnownFileType = sourcecode.c.h; path = XSPopViewController.h; sourceTree = "<group>"; };
		4CF6E7B01BFD661F00C91969 /* XSPopViewController.m */ = {isa = PBXFileReference; fileEncoding = 4; lastKnownFileType = sourcecode.c.objc; path = XSPopViewController.m; sourceTree = "<group>"; };
		4CF6E7B21BFD663000C91969 /* XSTableViewCell.h */ = {isa = PBXFileReference; fileEncoding = 4; lastKnownFileType = sourcecode.c.h; path = XSTableViewCell.h; sourceTree = "<group>"; };
		4CF6E7B31BFD663000C91969 /* XSTableViewCell.m */ = {isa = PBXFileReference; fileEncoding = 4; lastKnownFileType = sourcecode.c.objc; path = XSTableViewCell.m; sourceTree = "<group>"; };
		4CF6E7B51BFD680F00C91969 /* XSCellData.h */ = {isa = PBXFileReference; fileEncoding = 4; lastKnownFileType = sourcecode.c.h; path = XSCellData.h; sourceTree = "<group>"; };
		4CF6E7B61BFD680F00C91969 /* XSCellData.m */ = {isa = PBXFileReference; fileEncoding = 4; lastKnownFileType = sourcecode.c.objc; path = XSCellData.m; sourceTree = "<group>"; };
		4CF6E7B81BFD682300C91969 /* XSCellDataFrame.h */ = {isa = PBXFileReference; fileEncoding = 4; lastKnownFileType = sourcecode.c.h; path = XSCellDataFrame.h; sourceTree = "<group>"; };
		4CF6E7B91BFD682300C91969 /* XSCellDataFrame.m */ = {isa = PBXFileReference; fileEncoding = 4; lastKnownFileType = sourcecode.c.objc; path = XSCellDataFrame.m; sourceTree = "<group>"; };
		4CF6E7BB1BFD695B00C91969 /* CoreGraphics.framework */ = {isa = PBXFileReference; lastKnownFileType = wrapper.framework; name = CoreGraphics.framework; path = System/Library/Frameworks/CoreGraphics.framework; sourceTree = SDKROOT; };
		4CF6E7BE1BFDAF8C00C91969 /* icon.jpg */ = {isa = PBXFileReference; lastKnownFileType = image.jpeg; path = icon.jpg; sourceTree = "<group>"; };
		4CF6E7BF1BFDAF8C00C91969 /* icon1.png */ = {isa = PBXFileReference; lastKnownFileType = image.png; path = icon1.png; sourceTree = "<group>"; };
		4CF6E7C01BFDAF8C00C91969 /* icon2.png */ = {isa = PBXFileReference; lastKnownFileType = image.png; path = icon2.png; sourceTree = "<group>"; };
		4CF6E7C11BFDAF8C00C91969 /* icon3.png */ = {isa = PBXFileReference; lastKnownFileType = image.png; path = icon3.png; sourceTree = "<group>"; };
/* End PBXFileReference section */

/* Begin PBXFrameworksBuildPhase section */
		4CF6E7701BFD5BF100C91969 /* Frameworks */ = {
			isa = PBXFrameworksBuildPhase;
			buildActionMask = 2147483647;
			files = (
				4CF6E7BC1BFD695B00C91969 /* CoreGraphics.framework in Frameworks */,
			);
			runOnlyForDeploymentPostprocessing = 0;
		};
		4CF6E78C1BFD5BF100C91969 /* Frameworks */ = {
			isa = PBXFrameworksBuildPhase;
			buildActionMask = 2147483647;
			files = (
			);
			runOnlyForDeploymentPostprocessing = 0;
		};
		4CF6E7971BFD5BF100C91969 /* Frameworks */ = {
			isa = PBXFrameworksBuildPhase;
			buildActionMask = 2147483647;
			files = (
			);
			runOnlyForDeploymentPostprocessing = 0;
		};
/* End PBXFrameworksBuildPhase section */

/* Begin PBXGroup section */
		4CF6E76A1BFD5BF100C91969 = {
			isa = PBXGroup;
			children = (
				4CF6E7BB1BFD695B00C91969 /* CoreGraphics.framework */,
				4CF6E7751BFD5BF100C91969 /* 3DTouch */,
				4CF6E7921BFD5BF100C91969 /* 3DTouchTests */,
				4CF6E79D1BFD5BF100C91969 /* 3DTouchUITests */,
				4CF6E7741BFD5BF100C91969 /* Products */,
			);
			sourceTree = "<group>";
		};
		4CF6E7741BFD5BF100C91969 /* Products */ = {
			isa = PBXGroup;
			children = (
				4CF6E7731BFD5BF100C91969 /* 3DTouch.app */,
				4CF6E78F1BFD5BF100C91969 /* 3DTouchTests.xctest */,
				4CF6E79A1BFD5BF100C91969 /* 3DTouchUITests.xctest */,
			);
			name = Products;
			sourceTree = "<group>";
		};
		4CF6E7751BFD5BF100C91969 /* 3DTouch */ = {
			isa = PBXGroup;
			children = (
				4CF6E7BD1BFDAF8C00C91969 /* resource */,
				4CF6E7B51BFD680F00C91969 /* XSCellData.h */,
				4CF6E7B61BFD680F00C91969 /* XSCellData.m */,
				4CF6E7B81BFD682300C91969 /* XSCellDataFrame.h */,
				4CF6E7B91BFD682300C91969 /* XSCellDataFrame.m */,
				4CF6E7B21BFD663000C91969 /* XSTableViewCell.h */,
				4CF6E7B31BFD663000C91969 /* XSTableViewCell.m */,
				4CF6E7AF1BFD661F00C91969 /* XSPopViewController.h */,
				4CF6E7B01BFD661F00C91969 /* XSPopViewController.m */,
				4CF6E7AC1BFD660500C91969 /* XSPeekViewController.h */,
				4CF6E7AD1BFD660500C91969 /* XSPeekViewController.m */,
				4CF6E7791BFD5BF100C91969 /* AppDelegate.h */,
				4CF6E77A1BFD5BF100C91969 /* AppDelegate.m */,
				4CF6E77C1BFD5BF100C91969 /* ViewController.h */,
				4CF6E77D1BFD5BF100C91969 /* ViewController.m */,
				4CF6E77F1BFD5BF100C91969 /* Main.storyboard */,
				4CF6E7851BFD5BF100C91969 /* Assets.xcassets */,
				4CF6E7871BFD5BF100C91969 /* LaunchScreen.storyboard */,
				4CF6E78A1BFD5BF100C91969 /* Info.plist */,
				4CF6E7821BFD5BF100C91969 /* _DTouch.xcdatamodeld */,
				4CF6E7761BFD5BF100C91969 /* Supporting Files */,
			);
			path = 3DTouch;
			sourceTree = "<group>";
		};
		4CF6E7761BFD5BF100C91969 /* Supporting Files */ = {
			isa = PBXGroup;
			children = (
				4CF6E7771BFD5BF100C91969 /* main.m */,
			);
			name = "Supporting Files";
			sourceTree = "<group>";
		};
		4CF6E7921BFD5BF100C91969 /* 3DTouchTests */ = {
			isa = PBXGroup;
			children = (
				4CF6E7931BFD5BF100C91969 /* _DTouchTests.m */,
				4CF6E7951BFD5BF100C91969 /* Info.plist */,
			);
			path = 3DTouchTests;
			sourceTree = "<group>";
		};
		4CF6E79D1BFD5BF100C91969 /* 3DTouchUITests */ = {
			isa = PBXGroup;
			children = (
				4CF6E79E1BFD5BF100C91969 /* _DTouchUITests.m */,
				4CF6E7A01BFD5BF100C91969 /* Info.plist */,
			);
			path = 3DTouchUITests;
			sourceTree = "<group>";
		};
		4CF6E7BD1BFDAF8C00C91969 /* resource */ = {
			isa = PBXGroup;
			children = (
				4CF6E7BE1BFDAF8C00C91969 /* icon.jpg */,
				4CF6E7BF1BFDAF8C00C91969 /* icon1.png */,
				4CF6E7C01BFDAF8C00C91969 /* icon2.png */,
				4CF6E7C11BFDAF8C00C91969 /* icon3.png */,
			);
			path = resource;
			sourceTree = "<group>";
		};
/* End PBXGroup section */

/* Begin PBXNativeTarget section */
		4CF6E7721BFD5BF100C91969 /* 3DTouch */ = {
			isa = PBXNativeTarget;
			buildConfigurationList = 4CF6E7A31BFD5BF100C91969 /* Build configuration list for PBXNativeTarget "3DTouch" */;
			buildPhases = (
				4CF6E76F1BFD5BF100C91969 /* Sources */,
				4CF6E7701BFD5BF100C91969 /* Frameworks */,
				4CF6E7711BFD5BF100C91969 /* Resources */,
			);
			buildRules = (
			);
			dependencies = (
			);
			name = 3DTouch;
			productName = 3DTouch;
			productReference = 4CF6E7731BFD5BF100C91969 /* 3DTouch.app */;
			productType = "com.apple.product-type.application";
		};
		4CF6E78E1BFD5BF100C91969 /* 3DTouchTests */ = {
			isa = PBXNativeTarget;
			buildConfigurationList = 4CF6E7A61BFD5BF100C91969 /* Build configuration list for PBXNativeTarget "3DTouchTests" */;
			buildPhases = (
				4CF6E78B1BFD5BF100C91969 /* Sources */,
				4CF6E78C1BFD5BF100C91969 /* Frameworks */,
				4CF6E78D1BFD5BF100C91969 /* Resources */,
			);
			buildRules = (
			);
			dependencies = (
				4CF6E7911BFD5BF100C91969 /* PBXTargetDependency */,
			);
			name = 3DTouchTests;
			productName = 3DTouchTests;
			productReference = 4CF6E78F1BFD5BF100C91969 /* 3DTouchTests.xctest */;
			productType = "com.apple.product-type.bundle.unit-test";
		};
		4CF6E7991BFD5BF100C91969 /* 3DTouchUITests */ = {
			isa = PBXNativeTarget;
			buildConfigurationList = 4CF6E7A91BFD5BF100C91969 /* Build configuration list for PBXNativeTarget "3DTouchUITests" */;
			buildPhases = (
				4CF6E7961BFD5BF100C91969 /* Sources */,
				4CF6E7971BFD5BF100C91969 /* Frameworks */,
				4CF6E7981BFD5BF100C91969 /* Resources */,
			);
			buildRules = (
			);
			dependencies = (
				4CF6E79C1BFD5BF100C91969 /* PBXTargetDependency */,
			);
			name = 3DTouchUITests;
			productName = 3DTouchUITests;
			productReference = 4CF6E79A1BFD5BF100C91969 /* 3DTouchUITests.xctest */;
			productType = "com.apple.product-type.bundle.ui-testing";
		};
/* End PBXNativeTarget section */

/* Begin PBXProject section */
		4CF6E76B1BFD5BF100C91969 /* Project object */ = {
			isa = PBXProject;
			attributes = {
				LastUpgradeCheck = 0710;
				ORGANIZATIONNAME = WangXuesen;
				TargetAttributes = {
					4CF6E7721BFD5BF100C91969 = {
						CreatedOnToolsVersion = 7.1.1;
						DevelopmentTeam = 9F3T7JVDRD;
					};
					4CF6E78E1BFD5BF100C91969 = {
						CreatedOnToolsVersion = 7.1.1;
						TestTargetID = 4CF6E7721BFD5BF100C91969;
					};
					4CF6E7991BFD5BF100C91969 = {
						CreatedOnToolsVersion = 7.1.1;
						TestTargetID = 4CF6E7721BFD5BF100C91969;
					};
				};
			};
			buildConfigurationList = 4CF6E76E1BFD5BF100C91969 /* Build configuration list for PBXProject "3DTouch" */;
			compatibilityVersion = "Xcode 3.2";
			developmentRegion = English;
			hasScannedForEncodings = 0;
			knownRegions = (
				en,
				Base,
			);
			mainGroup = 4CF6E76A1BFD5BF100C91969;
			productRefGroup = 4CF6E7741BFD5BF100C91969 /* Products */;
			projectDirPath = "";
			projectRoot = "";
			targets = (
				4CF6E7721BFD5BF100C91969 /* 3DTouch */,
				4CF6E78E1BFD5BF100C91969 /* 3DTouchTests */,
				4CF6E7991BFD5BF100C91969 /* 3DTouchUITests */,
			);
		};
/* End PBXProject section */

/* Begin PBXResourcesBuildPhase section */
		4CF6E7711BFD5BF100C91969 /* Resources */ = {
			isa = PBXResourcesBuildPhase;
			buildActionMask = 2147483647;
			files = (
				4CF6E7C21BFDAF8C00C91969 /* icon.jpg in Resources */,
				4CF6E7891BFD5BF100C91969 /* LaunchScreen.storyboard in Resources */,
				4CF6E7C51BFDAF8C00C91969 /* icon3.png in Resources */,
				4CF6E7861BFD5BF100C91969 /* Assets.xcassets in Resources */,
				4CF6E7C31BFDAF8C00C91969 /* icon1.png in Resources */,
				4CF6E7811BFD5BF100C91969 /* Main.storyboard in Resources */,
				4CF6E7C41BFDAF8C00C91969 /* icon2.png in Resources */,
			);
			runOnlyForDeploymentPostprocessing = 0;
		};
		4CF6E78D1BFD5BF100C91969 /* Resources */ = {
			isa = PBXResourcesBuildPhase;
			buildActionMask = 2147483647;
			files = (
			);
			runOnlyForDeploymentPostprocessing = 0;
		};
		4CF6E7981BFD5BF100C91969 /* Resources */ = {
			isa = PBXResourcesBuildPhase;
			buildActionMask = 2147483647;
			files = (
			);
			runOnlyForDeploymentPostprocessing = 0;
		};
/* End PBXResourcesBuildPhase section */

/* Begin PBXSourcesBuildPhase section */
		4CF6E76F1BFD5BF100C91969 /* Sources */ = {
			isa = PBXSourcesBuildPhase;
			buildActionMask = 2147483647;
			files = (
				4CF6E77E1BFD5BF100C91969 /* ViewController.m in Sources */,
				4CF6E77B1BFD5BF100C91969 /* AppDelegate.m in Sources */,
				4CF6E7AE1BFD660500C91969 /* XSPeekViewController.m in Sources */,
				4CF6E7B11BFD661F00C91969 /* XSPopViewController.m in Sources */,
				4CF6E7B71BFD680F00C91969 /* XSCellData.m in Sources */,
				4CF6E7BA1BFD682300C91969 /* XSCellDataFrame.m in Sources */,
				4CF6E7841BFD5BF100C91969 /* _DTouch.xcdatamodeld in Sources */,
				4CF6E7B41BFD663000C91969 /* XSTableViewCell.m in Sources */,
				4CF6E7781BFD5BF100C91969 /* main.m in Sources */,
			);
			runOnlyForDeploymentPostprocessing = 0;
		};
		4CF6E78B1BFD5BF100C91969 /* Sources */ = {
			isa = PBXSourcesBuildPhase;
			buildActionMask = 2147483647;
			files = (
				4CF6E7941BFD5BF100C91969 /* _DTouchTests.m in Sources */,
			);
			runOnlyForDeploymentPostprocessing = 0;
		};
		4CF6E7961BFD5BF100C91969 /* Sources */ = {
			isa = PBXSourcesBuildPhase;
			buildActionMask = 2147483647;
			files = (
				4CF6E79F1BFD5BF100C91969 /* _DTouchUITests.m in Sources */,
			);
			runOnlyForDeploymentPostprocessing = 0;
		};
/* End PBXSourcesBuildPhase section */

/* Begin PBXTargetDependency section */
		4CF6E7911BFD5BF100C91969 /* PBXTargetDependency */ = {
			isa = PBXTargetDependency;
			target = 4CF6E7721BFD5BF100C91969 /* 3DTouch */;
			targetProxy = 4CF6E7901BFD5BF100C91969 /* PBXContainerItemProxy */;
		};
		4CF6E79C1BFD5BF100C91969 /* PBXTargetDependency */ = {
			isa = PBXTargetDependency;
			target = 4CF6E7721BFD5BF100C91969 /* 3DTouch */;
			targetProxy = 4CF6E79B1BFD5BF100C91969 /* PBXContainerItemProxy */;
		};
/* End PBXTargetDependency section */

/* Begin PBXVariantGroup section */
		4CF6E77F1BFD5BF100C91969 /* Main.storyboard */ = {
			isa = PBXVariantGroup;
			children = (
				4CF6E7801BFD5BF100C91969 /* Base */,
			);
			name = Main.storyboard;
			sourceTree = "<group>";
		};
		4CF6E7871BFD5BF100C91969 /* LaunchScreen.storyboard */ = {
			isa = PBXVariantGroup;
			children = (
				4CF6E7881BFD5BF100C91969 /* Base */,
			);
			name = LaunchScreen.storyboard;
			sourceTree = "<group>";
		};
/* End PBXVariantGroup section */

/* Begin XCBuildConfiguration section */
		4CF6E7A11BFD5BF100C91969 /* Debug */ = {
			isa = XCBuildConfiguration;
			buildSettings = {
				ALWAYS_SEARCH_USER_PATHS = NO;
				CLANG_CXX_LANGUAGE_STANDARD = "gnu++0x";
				CLANG_CXX_LIBRARY = "libc++";
				CLANG_ENABLE_MODULES = YES;
				CLANG_ENABLE_OBJC_ARC = YES;
				CLANG_WARN_BOOL_CONVERSION = YES;
				CLANG_WARN_CONSTANT_CONVERSION = YES;
				CLANG_WARN_DIRECT_OBJC_ISA_USAGE = YES_ERROR;
				CLANG_WARN_EMPTY_BODY = YES;
				CLANG_WARN_ENUM_CONVERSION = YES;
				CLANG_WARN_INT_CONVERSION = YES;
				CLANG_WARN_OBJC_ROOT_CLASS = YES_ERROR;
				CLANG_WARN_UNREACHABLE_CODE = YES;
				CLANG_WARN__DUPLICATE_METHOD_MATCH = YES;
				"CODE_SIGN_IDENTITY[sdk=iphoneos*]" = "iPhone Developer";
				COPY_PHASE_STRIP = NO;
				DEBUG_INFORMATION_FORMAT = dwarf;
				ENABLE_STRICT_OBJC_MSGSEND = YES;
				ENABLE_TESTABILITY = YES;
				GCC_C_LANGUAGE_STANDARD = gnu99;
				GCC_DYNAMIC_NO_PIC = NO;
				GCC_NO_COMMON_BLOCKS = YES;
				GCC_OPTIMIZATION_LEVEL = 0;
				GCC_PREPROCESSOR_DEFINITIONS = (
					"DEBUG=1",
					"$(inherited)",
				);
				GCC_WARN_64_TO_32_BIT_CONVERSION = YES;
				GCC_WARN_ABOUT_RETURN_TYPE = YES_ERROR;
				GCC_WARN_UNDECLARED_SELECTOR = YES;
				GCC_WARN_UNINITIALIZED_AUTOS = YES_AGGRESSIVE;
				GCC_WARN_UNUSED_FUNCTION = YES;
				GCC_WARN_UNUSED_VARIABLE = YES;
				IPHONEOS_DEPLOYMENT_TARGET = 9.1;
				MTL_ENABLE_DEBUG_INFO = YES;
				ONLY_ACTIVE_ARCH = YES;
				SDKROOT = iphoneos;
				TARGETED_DEVICE_FAMILY = "1,2";
			};
			name = Debug;
		};
		4CF6E7A21BFD5BF100C91969 /* Release */ = {
			isa = XCBuildConfiguration;
			buildSettings = {
				ALWAYS_SEARCH_USER_PATHS = NO;
				CLANG_CXX_LANGUAGE_STANDARD = "gnu++0x";
				CLANG_CXX_LIBRARY = "libc++";
				CLANG_ENABLE_MODULES = YES;
				CLANG_ENABLE_OBJC_ARC = YES;
				CLANG_WARN_BOOL_CONVERSION = YES;
				CLANG_WARN_CONSTANT_CONVERSION = YES;
				CLANG_WARN_DIRECT_OBJC_ISA_USAGE = YES_ERROR;
				CLANG_WARN_EMPTY_BODY = YES;
				CLANG_WARN_ENUM_CONVERSION = YES;
				CLANG_WARN_INT_CONVERSION = YES;
				CLANG_WARN_OBJC_ROOT_CLASS = YES_ERROR;
				CLANG_WARN_UNREACHABLE_CODE = YES;
				CLANG_WARN__DUPLICATE_METHOD_MATCH = YES;
				"CODE_SIGN_IDENTITY[sdk=iphoneos*]" = "iPhone Developer";
				COPY_PHASE_STRIP = NO;
				DEBUG_INFORMATION_FORMAT = "dwarf-with-dsym";
				ENABLE_NS_ASSERTIONS = NO;
				ENABLE_STRICT_OBJC_MSGSEND = YES;
				GCC_C_LANGUAGE_STANDARD = gnu99;
				GCC_NO_COMMON_BLOCKS = YES;
				GCC_WARN_64_TO_32_BIT_CONVERSION = YES;
				GCC_WARN_ABOUT_RETURN_TYPE = YES_ERROR;
				GCC_WARN_UNDECLARED_SELECTOR = YES;
				GCC_WARN_UNINITIALIZED_AUTOS = YES_AGGRESSIVE;
				GCC_WARN_UNUSED_FUNCTION = YES;
				GCC_WARN_UNUSED_VARIABLE = YES;
				IPHONEOS_DEPLOYMENT_TARGET = 9.1;
				MTL_ENABLE_DEBUG_INFO = NO;
				SDKROOT = iphoneos;
				TARGETED_DEVICE_FAMILY = "1,2";
				VALIDATE_PRODUCT = YES;
			};
			name = Release;
		};
		4CF6E7A41BFD5BF100C91969 /* Debug */ = {
			isa = XCBuildConfiguration;
			buildSettings = {
				ASSETCATALOG_COMPILER_APPICON_NAME = AppIcon;
				CODE_SIGN_IDENTITY = "iPhone Developer";
				"CODE_SIGN_IDENTITY[sdk=iphoneos*]" = "iPhone Developer: Zheng Wang (D6WM7598CJ)";
				INFOPLIST_FILE = 3DTouch/Info.plist;
				LD_RUNPATH_SEARCH_PATHS = "$(inherited) @executable_path/Frameworks";
				PRODUCT_BUNDLE_IDENTIFIER = com.mcb.hearst;
				PRODUCT_NAME = "$(TARGET_NAME)";
				PROVISIONING_PROFILE = "8b0d8e2e-03bf-48ea-b9de-2e341c6dc20b";
			};
			name = Debug;
		};
		4CF6E7A51BFD5BF100C91969 /* Release */ = {
			isa = XCBuildConfiguration;
			buildSettings = {
				ASSETCATALOG_COMPILER_APPICON_NAME = AppIcon;
				CODE_SIGN_IDENTITY = "iPhone Developer";
				"CODE_SIGN_IDENTITY[sdk=iphoneos*]" = "iPhone Developer: Zheng Wang (D6WM7598CJ)";
				INFOPLIST_FILE = 3DTouch/Info.plist;
				LD_RUNPATH_SEARCH_PATHS = "$(inherited) @executable_path/Frameworks";
				PRODUCT_BUNDLE_IDENTIFIER = com.mcb.hearst;
				PRODUCT_NAME = "$(TARGET_NAME)";
				PROVISIONING_PROFILE = "8b0d8e2e-03bf-48ea-b9de-2e341c6dc20b";
			};
			name = Release;
		};
		4CF6E7A71BFD5BF100C91969 /* Debug */ = {
			isa = XCBuildConfiguration;
			buildSettings = {
				BUNDLE_LOADER = "$(TEST_HOST)";
				INFOPLIST_FILE = 3DTouchTests/Info.plist;
				LD_RUNPATH_SEARCH_PATHS = "$(inherited) @executable_path/Frameworks @loader_path/Frameworks";
				PRODUCT_BUNDLE_IDENTIFIER = "com.3DTouch.Demo.-DTouchTests";
				PRODUCT_NAME = "$(TARGET_NAME)";
				TEST_HOST = "$(BUILT_PRODUCTS_DIR)/3DTouch.app/3DTouch";
			};
			name = Debug;
		};
		4CF6E7A81BFD5BF100C91969 /* Release */ = {
			isa = XCBuildConfiguration;
			buildSettings = {
				BUNDLE_LOADER = "$(TEST_HOST)";
				INFOPLIST_FILE = 3DTouchTests/Info.plist;
				LD_RUNPATH_SEARCH_PATHS = "$(inherited) @executable_path/Frameworks @loader_path/Frameworks";
				PRODUCT_BUNDLE_IDENTIFIER = "com.3DTouch.Demo.-DTouchTests";
				PRODUCT_NAME = "$(TARGET_NAME)";
				TEST_HOST = "$(BUILT_PRODUCTS_DIR)/3DTouch.app/3DTouch";
			};
			name = Release;
		};
		4CF6E7AA1BFD5BF100C91969 /* Debug */ = {
			isa = XCBuildConfiguration;
			buildSettings = {
				INFOPLIST_FILE = 3DTouchUITests/Info.plist;
				LD_RUNPATH_SEARCH_PATHS = "$(inherited) @executable_path/Frameworks @loader_path/Frameworks";
				PRODUCT_BUNDLE_IDENTIFIER = "com.3DTouch.Demo.-DTouchUITests";
				PRODUCT_NAME = "$(TARGET_NAME)";
				TEST_TARGET_NAME = 3DTouch;
				USES_XCTRUNNER = YES;
			};
			name = Debug;
		};
		4CF6E7AB1BFD5BF100C91969 /* Release */ = {
			isa = XCBuildConfiguration;
			buildSettings = {
				INFOPLIST_FILE = 3DTouchUITests/Info.plist;
				LD_RUNPATH_SEARCH_PATHS = "$(inherited) @executable_path/Frameworks @loader_path/Frameworks";
				PRODUCT_BUNDLE_IDENTIFIER = "com.3DTouch.Demo.-DTouchUITests";
				PRODUCT_NAME = "$(TARGET_NAME)";
				TEST_TARGET_NAME = 3DTouch;
				USES_XCTRUNNER = YES;
			};
			name = Release;
		};
/* End XCBuildConfiguration section */

/* Begin XCConfigurationList section */
		4CF6E76E1BFD5BF100C91969 /* Build configuration list for PBXProject "3DTouch" */ = {
			isa = XCConfigurationList;
			buildConfigurations = (
				4CF6E7A11BFD5BF100C91969 /* Debug */,
				4CF6E7A21BFD5BF100C91969 /* Release */,
			);
			defaultConfigurationIsVisible = 0;
			defaultConfigurationName = Release;
		};
		4CF6E7A31BFD5BF100C91969 /* Build configuration list for PBXNativeTarget "3DTouch" */ = {
			isa = XCConfigurationList;
			buildConfigurations = (
				4CF6E7A41BFD5BF100C91969 /* Debug */,
				4CF6E7A51BFD5BF100C91969 /* Release */,
			);
			defaultConfigurationIsVisible = 0;
			defaultConfigurationName = Release;
		};
		4CF6E7A61BFD5BF100C91969 /* Build configuration list for PBXNativeTarget "3DTouchTests" */ = {
			isa = XCConfigurationList;
			buildConfigurations = (
				4CF6E7A71BFD5BF100C91969 /* Debug */,
				4CF6E7A81BFD5BF100C91969 /* Release */,
			);
			defaultConfigurationIsVisible = 0;
			defaultConfigurationName = Release;
		};
		4CF6E7A91BFD5BF100C91969 /* Build configuration list for PBXNativeTarget "3DTouchUITests" */ = {
			isa = XCConfigurationList;
			buildConfigurations = (
				4CF6E7AA1BFD5BF100C91969 /* Debug */,
				4CF6E7AB1BFD5BF100C91969 /* Release */,
			);
			defaultConfigurationIsVisible = 0;
			defaultConfigurationName = Release;
		};
/* End XCConfigurationList section */

/* Begin XCVersionGroup section */
		4CF6E7821BFD5BF100C91969 /* _DTouch.xcdatamodeld */ = {
			isa = XCVersionGroup;
			children = (
				4CF6E7831BFD5BF100C91969 /* _DTouch.xcdatamodel */,
			);
			currentVersion = 4CF6E7831BFD5BF100C91969 /* _DTouch.xcdatamodel */;
			path = _DTouch.xcdatamodeld;
			sourceTree = "<group>";
			versionGroupType = wrapper.xcdatamodel;
		};
/* End XCVersionGroup section */
	};
	rootObject = 4CF6E76B1BFD5BF100C91969 /* Project object */;
}
